
Microsoft Visual Studio Solution File, Format Version 12.00
# Visual Studio Version 17
VisualStudioVersion = 17.14.37411.7 d17.14
MinimumVisualStudioVersion = 10.0.40219.1
Project("{FAE04EC0-301F-11D3-BF4B-00C04F79EFBC}") = "Manzano_Exam", "Manzano_Exam.csproj", "{4F81AC2F-5921-44B7-835F-9FB45C3D6FD8}"
EndProject
Global
	GlobalSection(SolutionConfigurationPlatforms) = preSolution
		Debug|Any CPU = Debug|Any CPU
		Release|Any CPU = Release|Any CPU
	EndGlobalSection
	GlobalSection(ProjectConfigurationPlatforms) = postSolution
		{4F81AC2F-5921-44B7-835F-9FB45C3D6FD8}.Debug|Any CPU.ActiveCfg = Debug|Any CPU
		{4F81AC2F-5921-44B7-835F-9FB45C3D6FD8}.Debug|Any CPU.Build.0 = Debug|Any CPU
		{4F81AC2F-5921-44B7-835F-9FB45C3D6FD8}.Release|Any CPU.ActiveCfg = Release|Any CPU
		{4F81AC2F-5921-44B7-835F-9FB45C3D6FD8}.Release|Any CPU.Build.0 = Release|Any CPU
	EndGlobalSection
	GlobalSection(SolutionProperties) = preSolution
		HideSolutionNode = FALSE
	EndGlobalSection
	GlobalSection(ExtensibilityGlobals) = postSolution
		SolutionGuid = {5325BC07-E41D-473A-BE4F-C6B735842F15}
	EndGlobalSection
EndGlobal
